
Microsoft Visual Studio Solution File, Format Version 12.00
# Visual Studio Version 17
VisualStudioVersion = 17.0.31903.59
MinimumVisualStudioVersion = 10.0.40219.1
Project("{2150E333-8FDC-42A3-9474-1A3956D46DE8}") = "learning_csharp", "learning_csharp", "{C9B486A1-5F71-2BD5-C586-70954A8E5679}"
EndProject
Project("{FAE04EC0-301F-11D3-BF4B-00C04F79EFBC}") = "csharp_practice", "learning_csharp\csharp_practice\csharp_practice.csproj", "{4C6A9D0D-F3AA-46FA-8F79-28D01B9B1408}"
EndProject
Project("{FAE04EC0-301F-11D3-BF4B-00C04F79EFBC}") = "guessing_game (csharp)", "guessing_game (csharp)\guessing_game (csharp).csproj", "{C2E2BCCE-5560-46BC-81DC-7FC3C8128DBD}"
EndProject
Project("{FAE04EC0-301F-11D3-BF4B-00C04F79EFBC}") = "macro_quad_solve_csharp", "macro_quad_solve_csharp\macro_quad_solve_csharp.csproj", "{CD2DE091-F9BD-4ACF-8B4F-A29DFEADC82C}"
EndProject
Project("{FAE04EC0-301F-11D3-BF4B-00C04F79EFBC}") = "more csharp stuff", "more csharp stuff\more csharp stuff.csproj", "{F2C2438A-381E-405D-91DF-EC89A3E8FC88}"
EndProject
Global
	GlobalSection(SolutionConfigurationPlatforms) = preSolution
		Debug|Any CPU = Debug|Any CPU
		Debug|x64 = Debug|x64
		Debug|x86 = Debug|x86
		Release|Any CPU = Release|Any CPU
		Release|x64 = Release|x64
		Release|x86 = Release|x86
	EndGlobalSection
	GlobalSection(ProjectConfigurationPlatforms) = postSolution
		{4C6A9D0D-F3AA-46FA-8F79-28D01B9B1408}.Debug|Any CPU.ActiveCfg = Debug|Any CPU
		{4C6A9D0D-F3AA-46FA-8F79-28D01B9B1408}.Debug|Any CPU.Build.0 = Debug|Any CPU
		{4C6A9D0D-F3AA-46FA-8F79-28D01B9B1408}.Debug|x64.ActiveCfg = Debug|Any CPU
		{4C6A9D0D-F3AA-46FA-8F79-28D01B9B1408}.Debug|x64.Build.0 = Debug|Any CPU
		{4C6A9D0D-F3AA-46FA-8F79-28D01B9B1408}.Debug|x86.ActiveCfg = Debug|Any CPU
		{4C6A9D0D-F3AA-46FA-8F79-28D01B9B1408}.Debug|x86.Build.0 = Debug|Any CPU
		{4C6A9D0D-F3AA-46FA-8F79-28D01B9B1408}.Release|Any CPU.ActiveCfg = Release|Any CPU
		{4C6A9D0D-F3AA-46FA-8F79-28D01B9B1408}.Release|Any CPU.Build.0 = Release|Any CPU
		{4C6A9D0D-F3AA-46FA-8F79-28D01B9B1408}.Release|x64.ActiveCfg = Release|Any CPU
		{4C6A9D0D-F3AA-46FA-8F79-28D01B9B1408}.Release|x64.Build.0 = Release|Any CPU
		{4C6A9D0D-F3AA-46FA-8F79-28D01B9B1408}.Release|x86.ActiveCfg = Release|Any CPU
		{4C6A9D0D-F3AA-46FA-8F79-28D01B9B1408}.Release|x86.Build.0 = Release|Any CPU
		{C2E2BCCE-5560-46BC-81DC-7FC3C8128DBD}.Debug|Any CPU.ActiveCfg = Debug|Any CPU
		{C2E2BCCE-5560-46BC-81DC-7FC3C8128DBD}.Debug|Any CPU.Build.0 = Debug|Any CPU
		{C2E2BCCE-5560-46BC-81DC-7FC3C8128DBD}.Debug|x64.ActiveCfg = Debug|Any CPU
		{C2E2BCCE-5560-46BC-81DC-7FC3C8128DBD}.Debug|x64.Build.0 = Debug|Any CPU
		{C2E2BCCE-5560-46BC-81DC-7FC3C8128DBD}.Debug|x86.ActiveCfg = Debug|Any CPU
		{C2E2BCCE-5560-46BC-81DC-7FC3C8128DBD}.Debug|x86.Build.0 = Debug|Any CPU
		{C2E2BCCE-5560-46BC-81DC-7FC3C8128DBD}.Release|Any CPU.ActiveCfg = Release|Any CPU
		{C2E2BCCE-5560-46BC-81DC-7FC3C8128DBD}.Release|Any CPU.Build.0 = Release|Any CPU
		{C2E2BCCE-5560-46BC-81DC-7FC3C8128DBD}.Release|x64.ActiveCfg = Release|Any CPU
		{C2E2BCCE-5560-46BC-81DC-7FC3C8128DBD}.Release|x64.Build.0 = Release|Any CPU
		{C2E2BCCE-5560-46BC-81DC-7FC3C8128DBD}.Release|x86.ActiveCfg = Release|Any CPU
		{C2E2BCCE-5560-46BC-81DC-7FC3C8128DBD}.Release|x86.Build.0 = Release|Any CPU
		{CD2DE091-F9BD-4ACF-8B4F-A29DFEADC82C}.Debug|Any CPU.ActiveCfg = Debug|Any CPU
		{CD2DE091-F9BD-4ACF-8B4F-A29DFEADC82C}.Debug|Any CPU.Build.0 = Debug|Any CPU
		{CD2DE091-F9BD-4ACF-8B4F-A29DFEADC82C}.Debug|x64.ActiveCfg = Debug|Any CPU
		{CD2DE091-F9BD-4ACF-8B4F-A29DFEADC82C}.Debug|x64.Build.0 = Debug|Any CPU
		{CD2DE091-F9BD-4ACF-8B4F-A29DFEADC82C}.Debug|x86.ActiveCfg = Debug|Any CPU
		{CD2DE091-F9BD-4ACF-8B4F-A29DFEADC82C}.Debug|x86.Build.0 = Debug|Any CPU
		{CD2DE091-F9BD-4ACF-8B4F-A29DFEADC82C}.Release|Any CPU.ActiveCfg = Release|Any CPU
		{CD2DE091-F9BD-4ACF-8B4F-A29DFEADC82C}.Release|Any CPU.Build.0 = Release|Any CPU
		{CD2DE091-F9BD-4ACF-8B4F-A29DFEADC82C}.Release|x64.ActiveCfg = Release|Any CPU
		{CD2DE091-F9BD-4ACF-8B4F-A29DFEADC82C}.Release|x64.Build.0 = Release|Any CPU
		{CD2DE091-F9BD-4ACF-8B4F-A29DFEADC82C}.Release|x86.ActiveCfg = Release|Any CPU
		{CD2DE091-F9BD-4ACF-8B4F-A29DFEADC82C}.Release|x86.Build.0 = Release|Any CPU
		{F2C2438A-381E-405D-91DF-EC89A3E8FC88}.Debug|Any CPU.ActiveCfg = Debug|Any CPU
		{F2C2438A-381E-405D-91DF-EC89A3E8FC88}.Debug|Any CPU.Build.0 = Debug|Any CPU
		{F2C2438A-381E-405D-91DF-EC89A3E8FC88}.Debug|x64.ActiveCfg = Debug|Any CPU
		{F2C2438A-381E-405D-91DF-EC89A3E8FC88}.Debug|x64.Build.0 = Debug|Any CPU
		{F2C2438A-381E-405D-91DF-EC89A3E8FC88}.Debug|x86.ActiveCfg = Debug|Any CPU
		{F2C2438A-381E-405D-91DF-EC89A3E8FC88}.Debug|x86.Build.0 = Debug|Any CPU
		{F2C2438A-381E-405D-91DF-EC89A3E8FC88}.Release|Any CPU.ActiveCfg = Release|Any CPU
		{F2C2438A-381E-405D-91DF-EC89A3E8FC88}.Release|Any CPU.Build.0 = Release|Any CPU
		{F2C2438A-381E-405D-91DF-EC89A3E8FC88}.Release|x64.ActiveCfg = Release|Any CPU
		{F2C2438A-381E-405D-91DF-EC89A3E8FC88}.Release|x64.Build.0 = Release|Any CPU
		{F2C2438A-381E-405D-91DF-EC89A3E8FC88}.Release|x86.ActiveCfg = Release|Any CPU
		{F2C2438A-381E-405D-91DF-EC89A3E8FC88}.Release|x86.Build.0 = Release|Any CPU
	EndGlobalSection
	GlobalSection(SolutionProperties) = preSolution
		HideSolutionNode = FALSE
	EndGlobalSection
	GlobalSection(NestedProjects) = preSolution
		{4C6A9D0D-F3AA-46FA-8F79-28D01B9B1408} = {C9B486A1-5F71-2BD5-C586-70954A8E5679}
	EndGlobalSection
EndGlobal
